
Microsoft Visual Studio Solution File, Format Version 12.00
# Visual Studio 15
VisualStudioVersion = 15.0.28010.2026
MinimumVisualStudioVersion = 10.0.40219.1
Project("{FAE04EC0-301F-11D3-BF4B-00C04F79EFBC}") = "UnitTests", "UnitTests\UnitTests.csproj", "{DCD05818-8D4C-4463-ABC7-6AD59C1600B1}"
EndProject
Global
	GlobalSection(SolutionConfigurationPlatforms) = preSolution
		Debug|Any CPU = Debug|Any CPU
		Release|Any CPU = Release|Any CPU
	EndGlobalSection
	GlobalSection(ProjectConfigurationPlatforms) = postSolution
		{DCD05818-8D4C-4463-ABC7-6AD59C1600B1}.Debug|Any CPU.ActiveCfg = Debug|Any CPU
		{DCD05818-8D4C-4463-ABC7-6AD59C1600B1}.Debug|Any CPU.Build.0 = Debug|Any CPU
		{DCD05818-8D4C-4463-ABC7-6AD59C1600B1}.Release|Any CPU.ActiveCfg = Release|Any CPU
		{DCD05818-8D4C-4463-ABC7-6AD59C1600B1}.Release|Any CPU.Build.0 = Release|Any CPU
	EndGlobalSection
	GlobalSection(SolutionProperties) = preSolution
		HideSolutionNode = FALSE
	EndGlobalSection
	GlobalSection(ExtensibilityGlobals) = postSolution
		SolutionGuid = {67514A56-56EE-4606-A2EE-5CE637A63532}
	EndGlobalSection
EndGlobal
